
Microsoft Visual Studio Solution File, Format Version 12.00
# Visual Studio 15
VisualStudioVersion = 15.0.26124.0
MinimumVisualStudioVersion = 15.0.26124.0
Project("{FAE04EC0-301F-11D3-BF4B-00C04F79EFBC}") = "Nervestaple.DbAccountRepository", "src\Nervestaple.DbAccountRepository.csproj", "{104705D2-A896-4D99-98B2-D56A91B946EE}"
EndProject
Project("{FAE04EC0-301F-11D3-BF4B-00C04F79EFBC}") = "Nervestaple.DbAccountRepositoryTest", "test\Nervestaple.DbAccountRepositoryTest.csproj", "{92094944-592E-4D7F-A109-133BC6E038D9}"
EndProject
Global
	GlobalSection(SolutionConfigurationPlatforms) = preSolution
		Debug|Any CPU = Debug|Any CPU
		Debug|x64 = Debug|x64
		Debug|x86 = Debug|x86
		Release|Any CPU = Release|Any CPU
		Release|x64 = Release|x64
		Release|x86 = Release|x86
	EndGlobalSection
	GlobalSection(SolutionProperties) = preSolution
		HideSolutionNode = FALSE
	EndGlobalSection
	GlobalSection(ProjectConfigurationPlatforms) = postSolution
		{104705D2-A896-4D99-98B2-D56A91B946EE}.Debug|Any CPU.ActiveCfg = Debug|Any CPU
		{104705D2-A896-4D99-98B2-D56A91B946EE}.Debug|Any CPU.Build.0 = Debug|Any CPU
		{104705D2-A896-4D99-98B2-D56A91B946EE}.Debug|x64.ActiveCfg = Debug|Any CPU
		{104705D2-A896-4D99-98B2-D56A91B946EE}.Debug|x64.Build.0 = Debug|Any CPU
		{104705D2-A896-4D99-98B2-D56A91B946EE}.Debug|x86.ActiveCfg = Debug|Any CPU
		{104705D2-A896-4D99-98B2-D56A91B946EE}.Debug|x86.Build.0 = Debug|Any CPU
		{104705D2-A896-4D99-98B2-D56A91B946EE}.Release|Any CPU.ActiveCfg = Release|Any CPU
		{104705D2-A896-4D99-98B2-D56A91B946EE}.Release|Any CPU.Build.0 = Release|Any CPU
		{104705D2-A896-4D99-98B2-D56A91B946EE}.Release|x64.ActiveCfg = Release|Any CPU
		{104705D2-A896-4D99-98B2-D56A91B946EE}.Release|x64.Build.0 = Release|Any CPU
		{104705D2-A896-4D99-98B2-D56A91B946EE}.Release|x86.ActiveCfg = Release|Any CPU
		{104705D2-A896-4D99-98B2-D56A91B946EE}.Release|x86.Build.0 = Release|Any CPU
		{92094944-592E-4D7F-A109-133BC6E038D9}.Debug|Any CPU.ActiveCfg = Debug|Any CPU
		{92094944-592E-4D7F-A109-133BC6E038D9}.Debug|Any CPU.Build.0 = Debug|Any CPU
		{92094944-592E-4D7F-A109-133BC6E038D9}.Debug|x64.ActiveCfg = Debug|Any CPU
		{92094944-592E-4D7F-A109-133BC6E038D9}.Debug|x64.Build.0 = Debug|Any CPU
		{92094944-592E-4D7F-A109-133BC6E038D9}.Debug|x86.ActiveCfg = Debug|Any CPU
		{92094944-592E-4D7F-A109-133BC6E038D9}.Debug|x86.Build.0 = Debug|Any CPU
		{92094944-592E-4D7F-A109-133BC6E038D9}.Release|Any CPU.ActiveCfg = Release|Any CPU
		{92094944-592E-4D7F-A109-133BC6E038D9}.Release|Any CPU.Build.0 = Release|Any CPU
		{92094944-592E-4D7F-A109-133BC6E038D9}.Release|x64.ActiveCfg = Release|Any CPU
		{92094944-592E-4D7F-A109-133BC6E038D9}.Release|x64.Build.0 = Release|Any CPU
		{92094944-592E-4D7F-A109-133BC6E038D9}.Release|x86.ActiveCfg = Release|Any CPU
		{92094944-592E-4D7F-A109-133BC6E038D9}.Release|x86.Build.0 = Release|Any CPU
	EndGlobalSection
EndGlobal
